
Microsoft Visual Studio Solution File, Format Version 12.00
# Visual Studio 15
VisualStudioVersion = 15.0.28307.329
MinimumVisualStudioVersion = 10.0.40219.1
Project("{FAE04EC0-301F-11D3-BF4B-00C04F79EFBC}") = "AspNetCoreMongoDbCrud", "AspNetCoreMongoDbCrud\AspNetCoreMongoDbCrud.csproj", "{15460DDB-E88F-47B9-A2D4-F7DF6B7A2B36}"
EndProject
Global
	GlobalSection(SolutionConfigurationPlatforms) = preSolution
		Debug|Any CPU = Debug|Any CPU
		Release|Any CPU = Release|Any CPU
	EndGlobalSection
	GlobalSection(ProjectConfigurationPlatforms) = postSolution
		{15460DDB-E88F-47B9-A2D4-F7DF6B7A2B36}.Debug|Any CPU.ActiveCfg = Debug|Any CPU
		{15460DDB-E88F-47B9-A2D4-F7DF6B7A2B36}.Debug|Any CPU.Build.0 = Debug|Any CPU
		{15460DDB-E88F-47B9-A2D4-F7DF6B7A2B36}.Release|Any CPU.ActiveCfg = Release|Any CPU
		{15460DDB-E88F-47B9-A2D4-F7DF6B7A2B36}.Release|Any CPU.Build.0 = Release|Any CPU
	EndGlobalSection
	GlobalSection(SolutionProperties) = preSolution
		HideSolutionNode = FALSE
	EndGlobalSection
	GlobalSection(ExtensibilityGlobals) = postSolution
		SolutionGuid = {563B68FE-11F6-4996-BB87-7AFC4242C8C0}
	EndGlobalSection
EndGlobal
